// !$*UTF8*$!
{
	archiveVersion = 1;
	classes = {
	};
	objectVersion = 56;
	objects = {

/* Begin PBXBuildFile section */
		791F1C6E2CCEB3E8008B9D22 /* TabController.swift in Sources */ = {isa = PBXBuildFile; fileRef = 791F1C6D2CCEB3E8008B9D22 /* TabController.swift */; };
		791F1C712CCEBFB0008B9D22 /* CustomPageControl.swift in Sources */ = {isa = PBXBuildFile; fileRef = 791F1C702CCEBFB0008B9D22 /* CustomPageControl.swift */; };
		792FCBF02CC988AC00636140 /* CategoriesViewController.swift in Sources */ = {isa = PBXBuildFile; fileRef = 792FCBEF2CC988AC00636140 /* CategoriesViewController.swift */; };
		7970C5472CD16F2900C836D6 /* ImagePicker.swift in Sources */ = {isa = PBXBuildFile; fileRef = 7970C5462CD16F2900C836D6 /* ImagePicker.swift */; };
		79BD6BB92CC84C5100B128B6 /* OnboardingCollectionViewCell.swift in Sources */ = {isa = PBXBuildFile; fileRef = 79BD6BB82CC84C5100B128B6 /* OnboardingCollectionViewCell.swift */; };
		DD6CDEC52CC5787300CE12B3 /* AppDelegate.swift in Sources */ = {isa = PBXBuildFile; fileRef = DD6CDEC42CC5787300CE12B3 /* AppDelegate.swift */; };
		DD6CDEC72CC5787300CE12B3 /* SceneDelegate.swift in Sources */ = {isa = PBXBuildFile; fileRef = DD6CDEC62CC5787300CE12B3 /* SceneDelegate.swift */; };
		DD6CDECE2CC5787800CE12B3 /* Assets.xcassets in Resources */ = {isa = PBXBuildFile; fileRef = DD6CDECD2CC5787800CE12B3 /* Assets.xcassets */; };
		DD6CDED12CC5787800CE12B3 /* LaunchScreen.storyboard in Resources */ = {isa = PBXBuildFile; fileRef = DD6CDECF2CC5787800CE12B3 /* LaunchScreen.storyboard */; };
		DD76DB3F2CC94B2C007D741D /* SmallHCollectionViewCell.swift in Sources */ = {isa = PBXBuildFile; fileRef = DD76DB3E2CC94B2C007D741D /* SmallHCollectionViewCell.swift */; };
		DD76DB412CC99DD2007D741D /* BigCollectionViewCell.swift in Sources */ = {isa = PBXBuildFile; fileRef = DD76DB402CC99DD2007D741D /* BigCollectionViewCell.swift */; };
		DD76DB432CC9BEC2007D741D /* BigVerticalCollectionViewCell.swift in Sources */ = {isa = PBXBuildFile; fileRef = DD76DB422CC9BEC2007D741D /* BigVerticalCollectionViewCell.swift */; };
		DDE1FD0B2CCB10A600F0AACE /* HeaderVerticalCollection.swift in Sources */ = {isa = PBXBuildFile; fileRef = DDE1FD0A2CCB10A600F0AACE /* HeaderVerticalCollection.swift */; };
		F10D3F202CD18D0D0040C132 /* DefaultsManager.swift in Sources */ = {isa = PBXBuildFile; fileRef = F10D3F1F2CD18D070040C132 /* DefaultsManager.swift */; };
		F12911602CC57A5F00DAC490 /* OnboardingViewController.swift in Sources */ = {isa = PBXBuildFile; fileRef = F129115F2CC57A5600DAC490 /* OnboardingViewController.swift */; };
		F12911632CC57AC000DAC490 /* BrowseViewController.swift in Sources */ = {isa = PBXBuildFile; fileRef = F12911622CC57AB700DAC490 /* BrowseViewController.swift */; };
		F12911692CC57B4C00DAC490 /* BookmarksViewController.swift in Sources */ = {isa = PBXBuildFile; fileRef = F12911682CC57B4500DAC490 /* BookmarksViewController.swift */; };
		F129116D2CC57B9800DAC490 /* ArticleViewController.swift in Sources */ = {isa = PBXBuildFile; fileRef = F129116C2CC57B9300DAC490 /* ArticleViewController.swift */; };
		F12911722CC57C5000DAC490 /* SnapKit in Frameworks */ = {isa = PBXBuildFile; productRef = F12911712CC57C5000DAC490 /* SnapKit */; };
		F12911742CC57CB500DAC490 /* InterVariable.ttf in Resources */ = {isa = PBXBuildFile; fileRef = F12911732CC57CB500DAC490 /* InterVariable.ttf */; };
		F12911762CC57CC900DAC490 /* Adamina.ttf in Resources */ = {isa = PBXBuildFile; fileRef = F12911752CC57CC900DAC490 /* Adamina.ttf */; };
		F12911792CC57D1700DAC490 /* ColorExtension.swift in Sources */ = {isa = PBXBuildFile; fileRef = F12911772CC57D1700DAC490 /* ColorExtension.swift */; };
		F129117A2CC57D1700DAC490 /* FontExtension.swift in Sources */ = {isa = PBXBuildFile; fileRef = F12911782CC57D1700DAC490 /* FontExtension.swift */; };
		F1EBD60A2CC9765E00A63CF2 /* Localizable.strings in Resources */ = {isa = PBXBuildFile; fileRef = F1EBD6092CC9765E00A63CF2 /* Localizable.strings */; };
		F1EBD60D2CC9767B00A63CF2 /* TermsViewController.swift in Sources */ = {isa = PBXBuildFile; fileRef = F1EBD60C2CC9767B00A63CF2 /* TermsViewController.swift */; };
		F1EBD60F2CC9768C00A63CF2 /* CustomButton.swift in Sources */ = {isa = PBXBuildFile; fileRef = F1EBD60E2CC9768C00A63CF2 /* CustomButton.swift */; };
		F1EBD6132CC9769D00A63CF2 /* LanguageManager.swift in Sources */ = {isa = PBXBuildFile; fileRef = F1EBD6102CC9769D00A63CF2 /* LanguageManager.swift */; };
		F1EBD6142CC9769D00A63CF2 /* LanguageModel.swift in Sources */ = {isa = PBXBuildFile; fileRef = F1EBD6112CC9769D00A63CF2 /* LanguageModel.swift */; };
		F1EBD6192CC976AA00A63CF2 /* LanguageCell.swift in Sources */ = {isa = PBXBuildFile; fileRef = F1EBD6152CC976AA00A63CF2 /* LanguageCell.swift */; };
		F1EBD61A2CC976AA00A63CF2 /* LanguageButton.swift in Sources */ = {isa = PBXBuildFile; fileRef = F1EBD6162CC976AA00A63CF2 /* LanguageButton.swift */; };
		F1EBD61B2CC976AA00A63CF2 /* LanguageViewController.swift in Sources */ = {isa = PBXBuildFile; fileRef = F1EBD6172CC976AA00A63CF2 /* LanguageViewController.swift */; };
		F1EBD61D2CC97D9700A63CF2 /* ProfileViewController.swift in Sources */ = {isa = PBXBuildFile; fileRef = F1EBD61C2CC97D9700A63CF2 /* ProfileViewController.swift */; };
		F1F24B7A2CD153AE00A95F7C /* FirebaseAuth in Frameworks */ = {isa = PBXBuildFile; productRef = F1F24B792CD153AE00A95F7C /* FirebaseAuth */; };
		F1F24B7C2CD153AE00A95F7C /* FirebaseCore in Frameworks */ = {isa = PBXBuildFile; productRef = F1F24B7B2CD153AE00A95F7C /* FirebaseCore */; };
		F1F24B7E2CD153AE00A95F7C /* FirebaseFirestore in Frameworks */ = {isa = PBXBuildFile; productRef = F1F24B7D2CD153AE00A95F7C /* FirebaseFirestore */; };
		F1F24B802CD153AE00A95F7C /* FirebaseStorage in Frameworks */ = {isa = PBXBuildFile; productRef = F1F24B7F2CD153AE00A95F7C /* FirebaseStorage */; };
		F3257DC32CD1800600097509 /* LoginViewController.swift in Sources */ = {isa = PBXBuildFile; fileRef = F3257DC22CD1800600097509 /* LoginViewController.swift */; };
		F3257DC52CD1802300097509 /* RegisterViewController.swift in Sources */ = {isa = PBXBuildFile; fileRef = F3257DC42CD1802300097509 /* RegisterViewController.swift */; };
		F3257DC72CD1A42A00097509 /* ViewExtension.swift in Sources */ = {isa = PBXBuildFile; fileRef = F3257DC62CD1A42A00097509 /* ViewExtension.swift */; };
		F3257DC92CD2DD4600097509 /* GoogleService-Info.plist in Resources */ = {isa = PBXBuildFile; fileRef = F3257DC82CD2DD4600097509 /* GoogleService-Info.plist */; };
		F326FA732CC7C6A7000FF0E2 /* NewsManager.swift in Sources */ = {isa = PBXBuildFile; fileRef = F326FA722CC7C6A7000FF0E2 /* NewsManager.swift */; };
		F326FA752CC7C6B3000FF0E2 /* NewsData.swift in Sources */ = {isa = PBXBuildFile; fileRef = F326FA742CC7C6B3000FF0E2 /* NewsData.swift */; };
		F326FA772CC7DBB3000FF0E2 /* NewsModel.swift in Sources */ = {isa = PBXBuildFile; fileRef = F326FA762CC7DBB3000FF0E2 /* NewsModel.swift */; };
		F326FABE2CCBCE7E000FF0E2 /* RecSearchViewController.swift in Sources */ = {isa = PBXBuildFile; fileRef = F326FABD2CCBCE7E000FF0E2 /* RecSearchViewController.swift */; };
		F326FAC12CCBD8F3000FF0E2 /* RecSearchViewControllerCell.swift in Sources */ = {isa = PBXBuildFile; fileRef = F326FAC02CCBD8F3000FF0E2 /* RecSearchViewControllerCell.swift */; };
		FA192C4D2CC6A62900655769 /* TitlesBaseViewController.swift in Sources */ = {isa = PBXBuildFile; fileRef = FA192C4C2CC6A62200655769 /* TitlesBaseViewController.swift */; };
		FA192C502CC6A6B100655769 /* TitlesBarView.swift in Sources */ = {isa = PBXBuildFile; fileRef = FA192C4F2CC6A69600655769 /* TitlesBarView.swift */; };
		FA7095602CC7E857006D0F10 /* BookmarksCell.swift in Sources */ = {isa = PBXBuildFile; fileRef = FA70955F2CC7E84B006D0F10 /* BookmarksCell.swift */; };
		FA7095622CC7EE95006D0F10 /* Bookmark.swift in Sources */ = {isa = PBXBuildFile; fileRef = FA7095612CC7EE94006D0F10 /* Bookmark.swift */; };
		FA7095682CC80E85006D0F10 /* BookmarkEmptyView.swift in Sources */ = {isa = PBXBuildFile; fileRef = FA7095672CC80E7F006D0F10 /* BookmarkEmptyView.swift */; };
/* End PBXBuildFile section */

/* Begin PBXFileReference section */
		791F1C6D2CCEB3E8008B9D22 /* TabController.swift */ = {isa = PBXFileReference; lastKnownFileType = sourcecode.swift; path = TabController.swift; sourceTree = "<group>"; };
		791F1C702CCEBFB0008B9D22 /* CustomPageControl.swift */ = {isa = PBXFileReference; lastKnownFileType = sourcecode.swift; path = CustomPageControl.swift; sourceTree = "<group>"; };
		792FCBEF2CC988AC00636140 /* CategoriesViewController.swift */ = {isa = PBXFileReference; lastKnownFileType = sourcecode.swift; path = CategoriesViewController.swift; sourceTree = "<group>"; };
		7970C5462CD16F2900C836D6 /* ImagePicker.swift */ = {isa = PBXFileReference; lastKnownFileType = sourcecode.swift; path = ImagePicker.swift; sourceTree = "<group>"; };
		79BD6BB82CC84C5100B128B6 /* OnboardingCollectionViewCell.swift */ = {isa = PBXFileReference; lastKnownFileType = sourcecode.swift; path = OnboardingCollectionViewCell.swift; sourceTree = "<group>"; };
		DD6CDEC12CC5787300CE12B3 /* NewsToDay.app */ = {isa = PBXFileReference; explicitFileType = wrapper.application; includeInIndex = 0; path = NewsToDay.app; sourceTree = BUILT_PRODUCTS_DIR; };
		DD6CDEC42CC5787300CE12B3 /* AppDelegate.swift */ = {isa = PBXFileReference; lastKnownFileType = sourcecode.swift; path = AppDelegate.swift; sourceTree = "<group>"; };
		DD6CDEC62CC5787300CE12B3 /* SceneDelegate.swift */ = {isa = PBXFileReference; lastKnownFileType = sourcecode.swift; path = SceneDelegate.swift; sourceTree = "<group>"; };
		DD6CDECD2CC5787800CE12B3 /* Assets.xcassets */ = {isa = PBXFileReference; lastKnownFileType = folder.assetcatalog; path = Assets.xcassets; sourceTree = "<group>"; };
		DD6CDED02CC5787800CE12B3 /* Base */ = {isa = PBXFileReference; lastKnownFileType = file.storyboard; name = Base; path = Base.lproj/LaunchScreen.storyboard; sourceTree = "<group>"; };
		DD6CDED22CC5787800CE12B3 /* Info.plist */ = {isa = PBXFileReference; lastKnownFileType = text.plist.xml; path = Info.plist; sourceTree = "<group>"; };
		DD76DB3E2CC94B2C007D741D /* SmallHCollectionViewCell.swift */ = {isa = PBXFileReference; lastKnownFileType = sourcecode.swift; path = SmallHCollectionViewCell.swift; sourceTree = "<group>"; };
		DD76DB402CC99DD2007D741D /* BigCollectionViewCell.swift */ = {isa = PBXFileReference; lastKnownFileType = sourcecode.swift; path = BigCollectionViewCell.swift; sourceTree = "<group>"; };
		DD76DB422CC9BEC2007D741D /* BigVerticalCollectionViewCell.swift */ = {isa = PBXFileReference; lastKnownFileType = sourcecode.swift; path = BigVerticalCollectionViewCell.swift; sourceTree = "<group>"; };
		DDE1FD0A2CCB10A600F0AACE /* HeaderVerticalCollection.swift */ = {isa = PBXFileReference; lastKnownFileType = sourcecode.swift; path = HeaderVerticalCollection.swift; sourceTree = "<group>"; };
		F10D3F1F2CD18D070040C132 /* DefaultsManager.swift */ = {isa = PBXFileReference; lastKnownFileType = sourcecode.swift; path = DefaultsManager.swift; sourceTree = "<group>"; };
		F129115F2CC57A5600DAC490 /* OnboardingViewController.swift */ = {isa = PBXFileReference; lastKnownFileType = sourcecode.swift; path = OnboardingViewController.swift; sourceTree = "<group>"; };
		F12911622CC57AB700DAC490 /* BrowseViewController.swift */ = {isa = PBXFileReference; lastKnownFileType = sourcecode.swift; path = BrowseViewController.swift; sourceTree = "<group>"; };
		F12911682CC57B4500DAC490 /* BookmarksViewController.swift */ = {isa = PBXFileReference; lastKnownFileType = sourcecode.swift; path = BookmarksViewController.swift; sourceTree = "<group>"; };
		F129116C2CC57B9300DAC490 /* ArticleViewController.swift */ = {isa = PBXFileReference; lastKnownFileType = sourcecode.swift; path = ArticleViewController.swift; sourceTree = "<group>"; };
		F12911732CC57CB500DAC490 /* InterVariable.ttf */ = {isa = PBXFileReference; lastKnownFileType = file; path = InterVariable.ttf; sourceTree = "<group>"; };
		F12911752CC57CC900DAC490 /* Adamina.ttf */ = {isa = PBXFileReference; lastKnownFileType = file; path = Adamina.ttf; sourceTree = "<group>"; };
		F12911772CC57D1700DAC490 /* ColorExtension.swift */ = {isa = PBXFileReference; lastKnownFileType = sourcecode.swift; path = ColorExtension.swift; sourceTree = "<group>"; };
		F12911782CC57D1700DAC490 /* FontExtension.swift */ = {isa = PBXFileReference; lastKnownFileType = sourcecode.swift; path = FontExtension.swift; sourceTree = "<group>"; };
		F1EBD6052CC9765E00A63CF2 /* Localizable.strings */ = {isa = PBXFileReference; lastKnownFileType = text.plist.strings; name = Localizable.strings; path = en.lproj/Localizable.strings; sourceTree = "<group>"; };
		F1EBD6062CC9765E00A63CF2 /* Localizable.strings */ = {isa = PBXFileReference; lastKnownFileType = text.plist.strings; name = Localizable.strings; path = ru.lproj/Localizable.strings; sourceTree = "<group>"; };
		F1EBD6072CC9765E00A63CF2 /* Localizable.strings */ = {isa = PBXFileReference; lastKnownFileType = text.plist.strings; name = Localizable.strings; path = uk.lproj/Localizable.strings; sourceTree = "<group>"; };
		F1EBD6082CC9765E00A63CF2 /* Localizable.strings */ = {isa = PBXFileReference; lastKnownFileType = text.plist.strings; name = Localizable.strings; path = be.lproj/Localizable.strings; sourceTree = "<group>"; };
		F1EBD60C2CC9767B00A63CF2 /* TermsViewController.swift */ = {isa = PBXFileReference; lastKnownFileType = sourcecode.swift; path = TermsViewController.swift; sourceTree = "<group>"; };
		F1EBD60E2CC9768C00A63CF2 /* CustomButton.swift */ = {isa = PBXFileReference; lastKnownFileType = sourcecode.swift; path = CustomButton.swift; sourceTree = "<group>"; };
		F1EBD6102CC9769D00A63CF2 /* LanguageManager.swift */ = {isa = PBXFileReference; lastKnownFileType = sourcecode.swift; path = LanguageManager.swift; sourceTree = "<group>"; };
		F1EBD6112CC9769D00A63CF2 /* LanguageModel.swift */ = {isa = PBXFileReference; lastKnownFileType = sourcecode.swift; path = LanguageModel.swift; sourceTree = "<group>"; };
		F1EBD6152CC976AA00A63CF2 /* LanguageCell.swift */ = {isa = PBXFileReference; lastKnownFileType = sourcecode.swift; path = LanguageCell.swift; sourceTree = "<group>"; };
		F1EBD6162CC976AA00A63CF2 /* LanguageButton.swift */ = {isa = PBXFileReference; lastKnownFileType = sourcecode.swift; path = LanguageButton.swift; sourceTree = "<group>"; };
		F1EBD6172CC976AA00A63CF2 /* LanguageViewController.swift */ = {isa = PBXFileReference; lastKnownFileType = sourcecode.swift; path = LanguageViewController.swift; sourceTree = "<group>"; };
		F1EBD61C2CC97D9700A63CF2 /* ProfileViewController.swift */ = {isa = PBXFileReference; lastKnownFileType = sourcecode.swift; path = ProfileViewController.swift; sourceTree = "<group>"; };
		F3257DC22CD1800600097509 /* LoginViewController.swift */ = {isa = PBXFileReference; lastKnownFileType = sourcecode.swift; path = LoginViewController.swift; sourceTree = "<group>"; };
		F3257DC42CD1802300097509 /* RegisterViewController.swift */ = {isa = PBXFileReference; lastKnownFileType = sourcecode.swift; path = RegisterViewController.swift; sourceTree = "<group>"; };
		F3257DC62CD1A42A00097509 /* ViewExtension.swift */ = {isa = PBXFileReference; lastKnownFileType = sourcecode.swift; path = ViewExtension.swift; sourceTree = "<group>"; };
		F3257DC82CD2DD4600097509 /* GoogleService-Info.plist */ = {isa = PBXFileReference; fileEncoding = 4; lastKnownFileType = text.plist.xml; path = "GoogleService-Info.plist"; sourceTree = "<group>"; };
		F326FA722CC7C6A7000FF0E2 /* NewsManager.swift */ = {isa = PBXFileReference; lastKnownFileType = sourcecode.swift; path = NewsManager.swift; sourceTree = "<group>"; };
		F326FA742CC7C6B3000FF0E2 /* NewsData.swift */ = {isa = PBXFileReference; lastKnownFileType = sourcecode.swift; path = NewsData.swift; sourceTree = "<group>"; };
		F326FA762CC7DBB3000FF0E2 /* NewsModel.swift */ = {isa = PBXFileReference; lastKnownFileType = sourcecode.swift; path = NewsModel.swift; sourceTree = "<group>"; };
		F326FABD2CCBCE7E000FF0E2 /* RecSearchViewController.swift */ = {isa = PBXFileReference; lastKnownFileType = sourcecode.swift; path = RecSearchViewController.swift; sourceTree = "<group>"; };
		F326FAC02CCBD8F3000FF0E2 /* RecSearchViewControllerCell.swift */ = {isa = PBXFileReference; lastKnownFileType = sourcecode.swift; path = RecSearchViewControllerCell.swift; sourceTree = "<group>"; };
		FA192C4C2CC6A62200655769 /* TitlesBaseViewController.swift */ = {isa = PBXFileReference; lastKnownFileType = sourcecode.swift; path = TitlesBaseViewController.swift; sourceTree = "<group>"; };
		FA192C4F2CC6A69600655769 /* TitlesBarView.swift */ = {isa = PBXFileReference; lastKnownFileType = sourcecode.swift; path = TitlesBarView.swift; sourceTree = "<group>"; };
		FA70955F2CC7E84B006D0F10 /* BookmarksCell.swift */ = {isa = PBXFileReference; lastKnownFileType = sourcecode.swift; path = BookmarksCell.swift; sourceTree = "<group>"; };
		FA7095612CC7EE94006D0F10 /* Bookmark.swift */ = {isa = PBXFileReference; lastKnownFileType = sourcecode.swift; path = Bookmark.swift; sourceTree = "<group>"; };
		FA7095672CC80E7F006D0F10 /* BookmarkEmptyView.swift */ = {isa = PBXFileReference; lastKnownFileType = sourcecode.swift; path = BookmarkEmptyView.swift; sourceTree = "<group>"; };
/* End PBXFileReference section */

/* Begin PBXFrameworksBuildPhase section */
		DD6CDEBE2CC5787300CE12B3 /* Frameworks */ = {
			isa = PBXFrameworksBuildPhase;
			buildActionMask = 2147483647;
			files = (
				F12911722CC57C5000DAC490 /* SnapKit in Frameworks */,
				F1F24B7E2CD153AE00A95F7C /* FirebaseFirestore in Frameworks */,
				F1F24B7C2CD153AE00A95F7C /* FirebaseCore in Frameworks */,
				F1F24B802CD153AE00A95F7C /* FirebaseStorage in Frameworks */,
				F1F24B7A2CD153AE00A95F7C /* FirebaseAuth in Frameworks */,
			);
			runOnlyForDeploymentPostprocessing = 0;
		};
/* End PBXFrameworksBuildPhase section */

/* Begin PBXGroup section */
		791F1C6C2CCEB3AE008B9D22 /* TabBar */ = {
			isa = PBXGroup;
			children = (
				791F1C6D2CCEB3E8008B9D22 /* TabController.swift */,
			);
			path = TabBar;
			sourceTree = "<group>";
		};
		792FCBEE2CC9887100636140 /* CategoriesScreen */ = {
			isa = PBXGroup;
			children = (
				792FCBEF2CC988AC00636140 /* CategoriesViewController.swift */,
			);
			path = CategoriesScreen;
			sourceTree = "<group>";
		};
		DD6CDEB82CC5787300CE12B3 = {
			isa = PBXGroup;
			children = (
				DD6CDEC32CC5787300CE12B3 /* NewsToDay */,
				DD6CDEC22CC5787300CE12B3 /* Products */,
			);
			sourceTree = "<group>";
		};
		DD6CDEC22CC5787300CE12B3 /* Products */ = {
			isa = PBXGroup;
			children = (
				DD6CDEC12CC5787300CE12B3 /* NewsToDay.app */,
			);
			name = Products;
			sourceTree = "<group>";
		};
		DD6CDEC32CC5787300CE12B3 /* NewsToDay */ = {
			isa = PBXGroup;
			children = (
				F1EBD60B2CC9767000A63CF2 /* TermsScreen */,
				F129116F2CC57C3E00DAC490 /* App */,
				F129115D2CC57A4600DAC490 /* OnboardingScreen */,
				F326FABF2CCBCF7E000FF0E2 /* Rec & Search TableView */,
				F12911612CC57AA300DAC490 /* BrowseScreen */,
				792FCBEE2CC9887100636140 /* CategoriesScreen */,
				F129116B2CC57B7F00DAC490 /* ArticleScreen */,
				F12911672CC57B3600DAC490 /* BookmarksScreen */,
				F3257DC12CD17FE700097509 /* Register&Login */,
				F12911642CC57AE400DAC490 /* ProfileScreen */,
				F1EBD6182CC976AA00A63CF2 /* LanguageScreen */,
				F1EBD6122CC9769D00A63CF2 /* Language */,
				F129115C2CC57A3E00DAC490 /* Extensions */,
				F129115B2CC57A3600DAC490 /* Fonts */,
				DD6CDECD2CC5787800CE12B3 /* Assets.xcassets */,
				DD6CDECF2CC5787800CE12B3 /* LaunchScreen.storyboard */,
				DD6CDED22CC5787800CE12B3 /* Info.plist */,
				F3257DC82CD2DD4600097509 /* GoogleService-Info.plist */,
				F1EBD6092CC9765E00A63CF2 /* Localizable.strings */,
			);
			path = NewsToDay;
			sourceTree = "<group>";
		};
		F129115B2CC57A3600DAC490 /* Fonts */ = {
			isa = PBXGroup;
			children = (
				F12911732CC57CB500DAC490 /* InterVariable.ttf */,
				F12911752CC57CC900DAC490 /* Adamina.ttf */,
			);
			path = Fonts;
			sourceTree = "<group>";
		};
		F129115C2CC57A3E00DAC490 /* Extensions */ = {
			isa = PBXGroup;
			children = (
				F3257DC62CD1A42A00097509 /* ViewExtension.swift */,
				F12911772CC57D1700DAC490 /* ColorExtension.swift */,
				F12911782CC57D1700DAC490 /* FontExtension.swift */,
				FA192C532CC6C4CF00655769 /* TitlesBaseViewController */,
				791F1C6C2CCEB3AE008B9D22 /* TabBar */,
			);
			path = Extensions;
			sourceTree = "<group>";
		};
		F129115D2CC57A4600DAC490 /* OnboardingScreen */ = {
			isa = PBXGroup;
			children = (
				F129115F2CC57A5600DAC490 /* OnboardingViewController.swift */,
				79BD6BB82CC84C5100B128B6 /* OnboardingCollectionViewCell.swift */,
				791F1C702CCEBFB0008B9D22 /* CustomPageControl.swift */,
			);
			path = OnboardingScreen;
			sourceTree = "<group>";
		};
		F12911612CC57AA300DAC490 /* BrowseScreen */ = {
			isa = PBXGroup;
			children = (
				F12911622CC57AB700DAC490 /* BrowseViewController.swift */,
				DD76DB3E2CC94B2C007D741D /* SmallHCollectionViewCell.swift */,
				DD76DB402CC99DD2007D741D /* BigCollectionViewCell.swift */,
				DD76DB422CC9BEC2007D741D /* BigVerticalCollectionViewCell.swift */,
				DDE1FD0A2CCB10A600F0AACE /* HeaderVerticalCollection.swift */,
			);
			path = BrowseScreen;
			sourceTree = "<group>";
		};
		F12911642CC57AE400DAC490 /* ProfileScreen */ = {
			isa = PBXGroup;
			children = (
				F1EBD60E2CC9768C00A63CF2 /* CustomButton.swift */,
				F1EBD61C2CC97D9700A63CF2 /* ProfileViewController.swift */,
				7970C5462CD16F2900C836D6 /* ImagePicker.swift */,
			);
			path = ProfileScreen;
			sourceTree = "<group>";
		};
		F12911672CC57B3600DAC490 /* BookmarksScreen */ = {
			isa = PBXGroup;
			children = (
				FA7095672CC80E7F006D0F10 /* BookmarkEmptyView.swift */,
				FA7095612CC7EE94006D0F10 /* Bookmark.swift */,
				FA70955F2CC7E84B006D0F10 /* BookmarksCell.swift */,
				F12911682CC57B4500DAC490 /* BookmarksViewController.swift */,
			);
			path = BookmarksScreen;
			sourceTree = "<group>";
		};
		F129116B2CC57B7F00DAC490 /* ArticleScreen */ = {
			isa = PBXGroup;
			children = (
				F129116C2CC57B9300DAC490 /* ArticleViewController.swift */,
			);
			path = ArticleScreen;
			sourceTree = "<group>";
		};
		F129116F2CC57C3E00DAC490 /* App */ = {
			isa = PBXGroup;
			children = (
				F10D3F1F2CD18D070040C132 /* DefaultsManager.swift */,
				DD6CDEC42CC5787300CE12B3 /* AppDelegate.swift */,
				DD6CDEC62CC5787300CE12B3 /* SceneDelegate.swift */,
				F326FA722CC7C6A7000FF0E2 /* NewsManager.swift */,
				F326FA742CC7C6B3000FF0E2 /* NewsData.swift */,
				F326FA762CC7DBB3000FF0E2 /* NewsModel.swift */,
			);
			path = App;
			sourceTree = "<group>";
		};
		F1EBD60B2CC9767000A63CF2 /* TermsScreen */ = {
			isa = PBXGroup;
			children = (
				F1EBD60C2CC9767B00A63CF2 /* TermsViewController.swift */,
			);
			path = TermsScreen;
			sourceTree = "<group>";
		};
		F1EBD6122CC9769D00A63CF2 /* Language */ = {
			isa = PBXGroup;
			children = (
				F1EBD6102CC9769D00A63CF2 /* LanguageManager.swift */,
				F1EBD6112CC9769D00A63CF2 /* LanguageModel.swift */,
			);
			path = Language;
			sourceTree = "<group>";
		};
		F1EBD6182CC976AA00A63CF2 /* LanguageScreen */ = {
			isa = PBXGroup;
			children = (
				F1EBD6152CC976AA00A63CF2 /* LanguageCell.swift */,
				F1EBD6162CC976AA00A63CF2 /* LanguageButton.swift */,
				F1EBD6172CC976AA00A63CF2 /* LanguageViewController.swift */,
			);
			path = LanguageScreen;
			sourceTree = "<group>";
		};
		F3257DC12CD17FE700097509 /* Register&Login */ = {
			isa = PBXGroup;
			children = (
				F3257DC22CD1800600097509 /* LoginViewController.swift */,
				F3257DC42CD1802300097509 /* RegisterViewController.swift */,
			);
			path = "Register&Login";
			sourceTree = "<group>";
		};
		F326FABF2CCBCF7E000FF0E2 /* Rec & Search TableView */ = {
			isa = PBXGroup;
			children = (
				F326FABD2CCBCE7E000FF0E2 /* RecSearchViewController.swift */,
				F326FAC02CCBD8F3000FF0E2 /* RecSearchViewControllerCell.swift */,
			);
			path = "Rec & Search TableView";
			sourceTree = "<group>";
		};
		FA192C532CC6C4CF00655769 /* TitlesBaseViewController */ = {
			isa = PBXGroup;
			children = (
				FA192C4F2CC6A69600655769 /* TitlesBarView.swift */,
				FA192C4C2CC6A62200655769 /* TitlesBaseViewController.swift */,
			);
			path = TitlesBaseViewController;
			sourceTree = "<group>";
		};
/* End PBXGroup section */

/* Begin PBXNativeTarget section */
		DD6CDEC02CC5787300CE12B3 /* NewsToDay */ = {
			isa = PBXNativeTarget;
			buildConfigurationList = DD6CDED52CC5787800CE12B3 /* Build configuration list for PBXNativeTarget "NewsToDay" */;
			buildPhases = (
				DD6CDEBD2CC5787300CE12B3 /* Sources */,
				DD6CDEBE2CC5787300CE12B3 /* Frameworks */,
				DD6CDEBF2CC5787300CE12B3 /* Resources */,
			);
			buildRules = (
			);
			dependencies = (
			);
			name = NewsToDay;
			productName = NewsToDay;
			productReference = DD6CDEC12CC5787300CE12B3 /* NewsToDay.app */;
			productType = "com.apple.product-type.application";
		};
/* End PBXNativeTarget section */

/* Begin PBXProject section */
		DD6CDEB92CC5787300CE12B3 /* Project object */ = {
			isa = PBXProject;
			attributes = {
				BuildIndependentTargetsInParallel = 1;
				LastSwiftUpdateCheck = 1520;
				LastUpgradeCheck = 1520;
				TargetAttributes = {
					DD6CDEC02CC5787300CE12B3 = {
						CreatedOnToolsVersion = 15.2;
					};
				};
			};
			buildConfigurationList = DD6CDEBC2CC5787300CE12B3 /* Build configuration list for PBXProject "NewsToDay" */;
			compatibilityVersion = "Xcode 14.0";
			developmentRegion = en;
			hasScannedForEncodings = 0;
			knownRegions = (
				en,
				Base,
				ru,
				uk,
				be,
			);
			mainGroup = DD6CDEB82CC5787300CE12B3;
			packageReferences = (
				DDAD85F62CC7AAA00056BBB3 /* XCRemoteSwiftPackageReference "SnapKit" */,
				F1F24B782CD153AE00A95F7C /* XCRemoteSwiftPackageReference "firebase-ios-sdk" */,
			);
			productRefGroup = DD6CDEC22CC5787300CE12B3 /* Products */;
			projectDirPath = "";
			projectRoot = "";
			targets = (
				DD6CDEC02CC5787300CE12B3 /* NewsToDay */,
			);
		};
/* End PBXProject section */

/* Begin PBXResourcesBuildPhase section */
		DD6CDEBF2CC5787300CE12B3 /* Resources */ = {
			isa = PBXResourcesBuildPhase;
			buildActionMask = 2147483647;
			files = (
				F1EBD60A2CC9765E00A63CF2 /* Localizable.strings in Resources */,
				DD6CDED12CC5787800CE12B3 /* LaunchScreen.storyboard in Resources */,
				DD6CDECE2CC5787800CE12B3 /* Assets.xcassets in Resources */,
				F12911762CC57CC900DAC490 /* Adamina.ttf in Resources */,
				F12911742CC57CB500DAC490 /* InterVariable.ttf in Resources */,
				F3257DC92CD2DD4600097509 /* GoogleService-Info.plist in Resources */,
			);
			runOnlyForDeploymentPostprocessing = 0;
		};
/* End PBXResourcesBuildPhase section */

/* Begin PBXSourcesBuildPhase section */
		DD6CDEBD2CC5787300CE12B3 /* Sources */ = {
			isa = PBXSourcesBuildPhase;
			buildActionMask = 2147483647;
			files = (
				F326FA772CC7DBB3000FF0E2 /* NewsModel.swift in Sources */,
				F10D3F202CD18D0D0040C132 /* DefaultsManager.swift in Sources */,
				F12911692CC57B4C00DAC490 /* BookmarksViewController.swift in Sources */,
				DD76DB412CC99DD2007D741D /* BigCollectionViewCell.swift in Sources */,
				DDE1FD0B2CCB10A600F0AACE /* HeaderVerticalCollection.swift in Sources */,
				791F1C6E2CCEB3E8008B9D22 /* TabController.swift in Sources */,
				F129116D2CC57B9800DAC490 /* ArticleViewController.swift in Sources */,
				F1EBD60F2CC9768C00A63CF2 /* CustomButton.swift in Sources */,
				DD76DB432CC9BEC2007D741D /* BigVerticalCollectionViewCell.swift in Sources */,
				FA192C502CC6A6B100655769 /* TitlesBarView.swift in Sources */,
				F326FA732CC7C6A7000FF0E2 /* NewsManager.swift in Sources */,
				DD6CDEC52CC5787300CE12B3 /* AppDelegate.swift in Sources */,
				FA7095622CC7EE95006D0F10 /* Bookmark.swift in Sources */,
				DD76DB3F2CC94B2C007D741D /* SmallHCollectionViewCell.swift in Sources */,
				DD6CDEC72CC5787300CE12B3 /* SceneDelegate.swift in Sources */,
				F326FABE2CCBCE7E000FF0E2 /* RecSearchViewController.swift in Sources */,
				F12911792CC57D1700DAC490 /* ColorExtension.swift in Sources */,
				F3257DC52CD1802300097509 /* RegisterViewController.swift in Sources */,
				F1EBD60D2CC9767B00A63CF2 /* TermsViewController.swift in Sources */,
				F3257DC72CD1A42A00097509 /* ViewExtension.swift in Sources */,
				7970C5472CD16F2900C836D6 /* ImagePicker.swift in Sources */,
				792FCBF02CC988AC00636140 /* CategoriesViewController.swift in Sources */,
				F1EBD6132CC9769D00A63CF2 /* LanguageManager.swift in Sources */,
				F1EBD6142CC9769D00A63CF2 /* LanguageModel.swift in Sources */,
				F129117A2CC57D1700DAC490 /* FontExtension.swift in Sources */,
				79BD6BB92CC84C5100B128B6 /* OnboardingCollectionViewCell.swift in Sources */,
				F12911602CC57A5F00DAC490 /* OnboardingViewController.swift in Sources */,
				F326FAC12CCBD8F3000FF0E2 /* RecSearchViewControllerCell.swift in Sources */,
				F326FA752CC7C6B3000FF0E2 /* NewsData.swift in Sources */,
				F12911632CC57AC000DAC490 /* BrowseViewController.swift in Sources */,
				FA192C4D2CC6A62900655769 /* TitlesBaseViewController.swift in Sources */,
				FA7095682CC80E85006D0F10 /* BookmarkEmptyView.swift in Sources */,
				F1EBD6192CC976AA00A63CF2 /* LanguageCell.swift in Sources */,
				F1EBD61A2CC976AA00A63CF2 /* LanguageButton.swift in Sources */,
				F3257DC32CD1800600097509 /* LoginViewController.swift in Sources */,
				F1EBD61D2CC97D9700A63CF2 /* ProfileViewController.swift in Sources */,
				F1EBD61B2CC976AA00A63CF2 /* LanguageViewController.swift in Sources */,
				FA7095602CC7E857006D0F10 /* BookmarksCell.swift in Sources */,
				791F1C712CCEBFB0008B9D22 /* CustomPageControl.swift in Sources */,
			);
			runOnlyForDeploymentPostprocessing = 0;
		};
/* End PBXSourcesBuildPhase section */

/* Begin PBXVariantGroup section */
		DD6CDECF2CC5787800CE12B3 /* LaunchScreen.storyboard */ = {
			isa = PBXVariantGroup;
			children = (
				DD6CDED02CC5787800CE12B3 /* Base */,
			);
			name = LaunchScreen.storyboard;
			sourceTree = "<group>";
		};
		F1EBD6092CC9765E00A63CF2 /* Localizable.strings */ = {
			isa = PBXVariantGroup;
			children = (
				F1EBD6052CC9765E00A63CF2 /* Localizable.strings */,
				F1EBD6062CC9765E00A63CF2 /* Localizable.strings */,
				F1EBD6072CC9765E00A63CF2 /* Localizable.strings */,
				F1EBD6082CC9765E00A63CF2 /* Localizable.strings */,
			);
			name = Localizable.strings;
			sourceTree = "<group>";
		};
/* End PBXVariantGroup section */

/* Begin XCBuildConfiguration section */
		DD6CDED32CC5787800CE12B3 /* Debug */ = {
			isa = XCBuildConfiguration;
			buildSettings = {
				ALWAYS_SEARCH_USER_PATHS = NO;
				ASSETCATALOG_COMPILER_GENERATE_SWIFT_ASSET_SYMBOL_EXTENSIONS = YES;
				CLANG_ANALYZER_NONNULL = YES;
				CLANG_ANALYZER_NUMBER_OBJECT_CONVERSION = YES_AGGRESSIVE;
				CLANG_CXX_LANGUAGE_STANDARD = "gnu++20";
				CLANG_ENABLE_MODULES = YES;
				CLANG_ENABLE_OBJC_ARC = YES;
				CLANG_ENABLE_OBJC_WEAK = YES;
				CLANG_WARN_BLOCK_CAPTURE_AUTORELEASING = YES;
				CLANG_WARN_BOOL_CONVERSION = YES;
				CLANG_WARN_COMMA = YES;
				CLANG_WARN_CONSTANT_CONVERSION = YES;
				CLANG_WARN_DEPRECATED_OBJC_IMPLEMENTATIONS = YES;
				CLANG_WARN_DIRECT_OBJC_ISA_USAGE = YES_ERROR;
				CLANG_WARN_DOCUMENTATION_COMMENTS = YES;
				CLANG_WARN_EMPTY_BODY = YES;
				CLANG_WARN_ENUM_CONVERSION = YES;
				CLANG_WARN_INFINITE_RECURSION = YES;
				CLANG_WARN_INT_CONVERSION = YES;
				CLANG_WARN_NON_LITERAL_NULL_CONVERSION = YES;
				CLANG_WARN_OBJC_IMPLICIT_RETAIN_SELF = YES;
				CLANG_WARN_OBJC_LITERAL_CONVERSION = YES;
				CLANG_WARN_OBJC_ROOT_CLASS = YES_ERROR;
				CLANG_WARN_QUOTED_INCLUDE_IN_FRAMEWORK_HEADER = YES;
				CLANG_WARN_RANGE_LOOP_ANALYSIS = YES;
				CLANG_WARN_STRICT_PROTOTYPES = YES;
				CLANG_WARN_SUSPICIOUS_MOVE = YES;
				CLANG_WARN_UNGUARDED_AVAILABILITY = YES_AGGRESSIVE;
				CLANG_WARN_UNREACHABLE_CODE = YES;
				CLANG_WARN__DUPLICATE_METHOD_MATCH = YES;
				COPY_PHASE_STRIP = NO;
				DEBUG_INFORMATION_FORMAT = dwarf;
				ENABLE_STRICT_OBJC_MSGSEND = YES;
				ENABLE_TESTABILITY = YES;
				ENABLE_USER_SCRIPT_SANDBOXING = YES;
				GCC_C_LANGUAGE_STANDARD = gnu17;
				GCC_DYNAMIC_NO_PIC = NO;
				GCC_NO_COMMON_BLOCKS = YES;
				GCC_OPTIMIZATION_LEVEL = 0;
				GCC_PREPROCESSOR_DEFINITIONS = (
					"DEBUG=1",
					"$(inherited)",
				);
				GCC_WARN_64_TO_32_BIT_CONVERSION = YES;
				GCC_WARN_ABOUT_RETURN_TYPE = YES_ERROR;
				GCC_WARN_UNDECLARED_SELECTOR = YES;
				GCC_WARN_UNINITIALIZED_AUTOS = YES_AGGRESSIVE;
				GCC_WARN_UNUSED_FUNCTION = YES;
				GCC_WARN_UNUSED_VARIABLE = YES;
				IPHONEOS_DEPLOYMENT_TARGET = 17.2;
				LOCALIZATION_PREFERS_STRING_CATALOGS = YES;
				MTL_ENABLE_DEBUG_INFO = INCLUDE_SOURCE;
				MTL_FAST_MATH = YES;
				ONLY_ACTIVE_ARCH = YES;
				SDKROOT = iphoneos;
				SWIFT_ACTIVE_COMPILATION_CONDITIONS = "DEBUG $(inherited)";
				SWIFT_OPTIMIZATION_LEVEL = "-Onone";
			};
			name = Debug;
		};
		DD6CDED42CC5787800CE12B3 /* Release */ = {
			isa = XCBuildConfiguration;
			buildSettings = {
				ALWAYS_SEARCH_USER_PATHS = NO;
				ASSETCATALOG_COMPILER_GENERATE_SWIFT_ASSET_SYMBOL_EXTENSIONS = YES;
				CLANG_ANALYZER_NONNULL = YES;
				CLANG_ANALYZER_NUMBER_OBJECT_CONVERSION = YES_AGGRESSIVE;
				CLANG_CXX_LANGUAGE_STANDARD = "gnu++20";
				CLANG_ENABLE_MODULES = YES;
				CLANG_ENABLE_OBJC_ARC = YES;
				CLANG_ENABLE_OBJC_WEAK = YES;
				CLANG_WARN_BLOCK_CAPTURE_AUTORELEASING = YES;
				CLANG_WARN_BOOL_CONVERSION = YES;
				CLANG_WARN_COMMA = YES;
				CLANG_WARN_CONSTANT_CONVERSION = YES;
				CLANG_WARN_DEPRECATED_OBJC_IMPLEMENTATIONS = YES;
				CLANG_WARN_DIRECT_OBJC_ISA_USAGE = YES_ERROR;
				CLANG_WARN_DOCUMENTATION_COMMENTS = YES;
				CLANG_WARN_EMPTY_BODY = YES;
				CLANG_WARN_ENUM_CONVERSION = YES;
				CLANG_WARN_INFINITE_RECURSION = YES;
				CLANG_WARN_INT_CONVERSION = YES;
				CLANG_WARN_NON_LITERAL_NULL_CONVERSION = YES;
				CLANG_WARN_OBJC_IMPLICIT_RETAIN_SELF = YES;
				CLANG_WARN_OBJC_LITERAL_CONVERSION = YES;
				CLANG_WARN_OBJC_ROOT_CLASS = YES_ERROR;
				CLANG_WARN_QUOTED_INCLUDE_IN_FRAMEWORK_HEADER = YES;
				CLANG_WARN_RANGE_LOOP_ANALYSIS = YES;
				CLANG_WARN_STRICT_PROTOTYPES = YES;
				CLANG_WARN_SUSPICIOUS_MOVE = YES;
				CLANG_WARN_UNGUARDED_AVAILABILITY = YES_AGGRESSIVE;
				CLANG_WARN_UNREACHABLE_CODE = YES;
				CLANG_WARN__DUPLICATE_METHOD_MATCH = YES;
				COPY_PHASE_STRIP = NO;
				DEBUG_INFORMATION_FORMAT = "dwarf-with-dsym";
				ENABLE_NS_ASSERTIONS = NO;
				ENABLE_STRICT_OBJC_MSGSEND = YES;
				ENABLE_USER_SCRIPT_SANDBOXING = YES;
				GCC_C_LANGUAGE_STANDARD = gnu17;
				GCC_NO_COMMON_BLOCKS = YES;
				GCC_WARN_64_TO_32_BIT_CONVERSION = YES;
				GCC_WARN_ABOUT_RETURN_TYPE = YES_ERROR;
				GCC_WARN_UNDECLARED_SELECTOR = YES;
				GCC_WARN_UNINITIALIZED_AUTOS = YES_AGGRESSIVE;
				GCC_WARN_UNUSED_FUNCTION = YES;
				GCC_WARN_UNUSED_VARIABLE = YES;
				IPHONEOS_DEPLOYMENT_TARGET = 17.2;
				LOCALIZATION_PREFERS_STRING_CATALOGS = YES;
				MTL_ENABLE_DEBUG_INFO = NO;
				MTL_FAST_MATH = YES;
				SDKROOT = iphoneos;
				SWIFT_COMPILATION_MODE = wholemodule;
				VALIDATE_PRODUCT = YES;
			};
			name = Release;
		};
		DD6CDED62CC5787800CE12B3 /* Debug */ = {
			isa = XCBuildConfiguration;
			buildSettings = {
				ASSETCATALOG_COMPILER_APPICON_NAME = AppIcon;
				ASSETCATALOG_COMPILER_GLOBAL_ACCENT_COLOR_NAME = AccentColor;
				CODE_SIGN_STYLE = Automatic;
				CURRENT_PROJECT_VERSION = 1;
				DEVELOPMENT_TEAM = 3V899K3TN7;
				GENERATE_INFOPLIST_FILE = YES;
				INFOPLIST_FILE = NewsToDay/Info.plist;
				INFOPLIST_KEY_NSCameraUsageDescription = "For the avatar";
				INFOPLIST_KEY_NSPhotoLibraryUsageDescription = "For the avatar";
				INFOPLIST_KEY_UIApplicationSupportsIndirectInputEvents = YES;
				INFOPLIST_KEY_UILaunchStoryboardName = LaunchScreen;
				INFOPLIST_KEY_UISupportedInterfaceOrientations_iPad = "UIInterfaceOrientationPortrait UIInterfaceOrientationPortraitUpsideDown UIInterfaceOrientationLandscapeLeft UIInterfaceOrientationLandscapeRight";
				INFOPLIST_KEY_UISupportedInterfaceOrientations_iPhone = "UIInterfaceOrientationPortrait UIInterfaceOrientationLandscapeLeft UIInterfaceOrientationLandscapeRight";
				LD_RUNPATH_SEARCH_PATHS = (
					"$(inherited)",
					"@executable_path/Frameworks",
				);
				MARKETING_VERSION = 1.0;
				PRODUCT_BUNDLE_IDENTIFIER = com.okuneu.NewsToDay;
				PRODUCT_NAME = "$(TARGET_NAME)";
				SUPPORTED_PLATFORMS = "iphoneos iphonesimulator";
				SUPPORTS_MACCATALYST = NO;
				SUPPORTS_MAC_DESIGNED_FOR_IPHONE_IPAD = NO;
				SUPPORTS_XR_DESIGNED_FOR_IPHONE_IPAD = NO;
				SWIFT_EMIT_LOC_STRINGS = YES;
				SWIFT_VERSION = 5.0;
				TARGETED_DEVICE_FAMILY = 1;
			};
			name = Debug;
		};
		DD6CDED72CC5787800CE12B3 /* Release */ = {
			isa = XCBuildConfiguration;
			buildSettings = {
				ASSETCATALOG_COMPILER_APPICON_NAME = AppIcon;
				ASSETCATALOG_COMPILER_GLOBAL_ACCENT_COLOR_NAME = AccentColor;
				CODE_SIGN_STYLE = Automatic;
				CURRENT_PROJECT_VERSION = 1;
				DEVELOPMENT_TEAM = 3V899K3TN7;
				GENERATE_INFOPLIST_FILE = YES;
				INFOPLIST_FILE = NewsToDay/Info.plist;
				INFOPLIST_KEY_NSCameraUsageDescription = "For the avatar";
				INFOPLIST_KEY_NSPhotoLibraryUsageDescription = "For the avatar";
				INFOPLIST_KEY_UIApplicationSupportsIndirectInputEvents = YES;
				INFOPLIST_KEY_UILaunchStoryboardName = LaunchScreen;
				INFOPLIST_KEY_UISupportedInterfaceOrientations_iPad = "UIInterfaceOrientationPortrait UIInterfaceOrientationPortraitUpsideDown UIInterfaceOrientationLandscapeLeft UIInterfaceOrientationLandscapeRight";
				INFOPLIST_KEY_UISupportedInterfaceOrientations_iPhone = "UIInterfaceOrientationPortrait UIInterfaceOrientationLandscapeLeft UIInterfaceOrientationLandscapeRight";
				LD_RUNPATH_SEARCH_PATHS = (
					"$(inherited)",
					"@executable_path/Frameworks",
				);
				MARKETING_VERSION = 1.0;
				PRODUCT_BUNDLE_IDENTIFIER = com.okuneu.NewsToDay;
				PRODUCT_NAME = "$(TARGET_NAME)";
				SUPPORTED_PLATFORMS = "iphoneos iphonesimulator";
				SUPPORTS_MACCATALYST = NO;
				SUPPORTS_MAC_DESIGNED_FOR_IPHONE_IPAD = NO;
				SUPPORTS_XR_DESIGNED_FOR_IPHONE_IPAD = NO;
				SWIFT_EMIT_LOC_STRINGS = YES;
				SWIFT_VERSION = 5.0;
				TARGETED_DEVICE_FAMILY = 1;
			};
			name = Release;
		};
/* End XCBuildConfiguration section */

/* Begin XCConfigurationList section */
		DD6CDEBC2CC5787300CE12B3 /* Build configuration list for PBXProject "NewsToDay" */ = {
			isa = XCConfigurationList;
			buildConfigurations = (
				DD6CDED32CC5787800CE12B3 /* Debug */,
				DD6CDED42CC5787800CE12B3 /* Release */,
			);
			defaultConfigurationIsVisible = 0;
			defaultConfigurationName = Release;
		};
		DD6CDED52CC5787800CE12B3 /* Build configuration list for PBXNativeTarget "NewsToDay" */ = {
			isa = XCConfigurationList;
			buildConfigurations = (
				DD6CDED62CC5787800CE12B3 /* Debug */,
				DD6CDED72CC5787800CE12B3 /* Release */,
			);
			defaultConfigurationIsVisible = 0;
			defaultConfigurationName = Release;
		};
/* End XCConfigurationList section */

/* Begin XCRemoteSwiftPackageReference section */
		DDAD85F62CC7AAA00056BBB3 /* XCRemoteSwiftPackageReference "SnapKit" */ = {
			isa = XCRemoteSwiftPackageReference;
			repositoryURL = "https://github.com/SnapKit/SnapKit.git";
			requirement = {
				kind = upToNextMajorVersion;
				minimumVersion = 5.7.1;
			};
		};
		F12911702CC57C5000DAC490 /* XCRemoteSwiftPackageReference "SnapKit" */ = {
			isa = XCRemoteSwiftPackageReference;
			repositoryURL = "https://github.com/SnapKit/SnapKit.git";
			requirement = {
				kind = upToNextMajorVersion;
				minimumVersion = 5.7.1;
			};
		};
		F1F24B782CD153AE00A95F7C /* XCRemoteSwiftPackageReference "firebase-ios-sdk" */ = {
			isa = XCRemoteSwiftPackageReference;
			repositoryURL = "https://github.com/firebase/firebase-ios-sdk";
			requirement = {
				kind = upToNextMajorVersion;
				minimumVersion = 11.4.0;
			};
		};
/* End XCRemoteSwiftPackageReference section */

/* Begin XCSwiftPackageProductDependency section */
		F12911712CC57C5000DAC490 /* SnapKit */ = {
			isa = XCSwiftPackageProductDependency;
			package = F12911702CC57C5000DAC490 /* XCRemoteSwiftPackageReference "SnapKit" */;
			productName = SnapKit;
		};
		F1F24B792CD153AE00A95F7C /* FirebaseAuth */ = {
			isa = XCSwiftPackageProductDependency;
			package = F1F24B782CD153AE00A95F7C /* XCRemoteSwiftPackageReference "firebase-ios-sdk" */;
			productName = FirebaseAuth;
		};
		F1F24B7B2CD153AE00A95F7C /* FirebaseCore */ = {
			isa = XCSwiftPackageProductDependency;
			package = F1F24B782CD153AE00A95F7C /* XCRemoteSwiftPackageReference "firebase-ios-sdk" */;
			productName = FirebaseCore;
		};
		F1F24B7D2CD153AE00A95F7C /* FirebaseFirestore */ = {
			isa = XCSwiftPackageProductDependency;
			package = F1F24B782CD153AE00A95F7C /* XCRemoteSwiftPackageReference "firebase-ios-sdk" */;
			productName = FirebaseFirestore;
		};
		F1F24B7F2CD153AE00A95F7C /* FirebaseStorage */ = {
			isa = XCSwiftPackageProductDependency;
			package = F1F24B782CD153AE00A95F7C /* XCRemoteSwiftPackageReference "firebase-ios-sdk" */;
			productName = FirebaseStorage;
		};
/* End XCSwiftPackageProductDependency section */
	};
	rootObject = DD6CDEB92CC5787300CE12B3 /* Project object */;
}
